{
  "name": "vscode-night-cruise",
  "version": "0.0.16",
  "lockfileVersion": 1,
  "requires": true,
  "dependencies": {
    "dxl-builder": {
      "version": "1.0.3",
      "resolved": "https://registry.npmjs.org/dxl-builder/-/dxl-builder-1.0.3.tgz",
      "integrity": "sha512-OloKUCrWCBMj3f5mDxs8rjTIBMTvFR+h+QIEUjiTmRmsVkNJdPJkXBhppXBX9dMQ/MkV5gaToxQ/ubqiA8gQ6Q==",
      "dev": true
    }
  }
}
